{
    "name": "sujeitoprogramador-react-native",
    "version": "0.1.6",
    "lockfileVersion": 3,
    "requires": true,
    "packages": {
        "": {
            "name": "sujeitoprogramador-react-native",
            "version": "0.1.5",
            "engines": {
                "vscode": "^1.40.0"
            }
        }
    }
}
